// !$*UTF8*$!
{
	archiveVersion = 1;
	classes = {
	};
	objectVersion = 50;
	objects = {

/* Begin PBXBuildFile section */
		F04A16C024328544004308E3 /* main.cpp in Sources */ = {isa = PBXBuildFile; fileRef = F04A16BF24328544004308E3 /* main.cpp */; };
		F04A16C82432856D004308E3 /* time.cpp in Sources */ = {isa = PBXBuildFile; fileRef = F04A16C62432856D004308E3 /* time.cpp */; };
		F04A16CB2432859F004308E3 /* date.cpp in Sources */ = {isa = PBXBuildFile; fileRef = F04A16C92432859F004308E3 /* date.cpp */; };
		F04A16CE243285E2004308E3 /* person.cpp in Sources */ = {isa = PBXBuildFile; fileRef = F04A16CC243285E2004308E3 /* person.cpp */; };
		F04A16D124328600004308E3 /* inpatient.cpp in Sources */ = {isa = PBXBuildFile; fileRef = F04A16CF24328600004308E3 /* inpatient.cpp */; };
		F04A16D424328634004308E3 /* outpatient.cpp in Sources */ = {isa = PBXBuildFile; fileRef = F04A16D224328634004308E3 /* outpatient.cpp */; };
		F04A16D724328675004308E3 /* doctor.cpp in Sources */ = {isa = PBXBuildFile; fileRef = F04A16D524328675004308E3 /* doctor.cpp */; };
		F04A16DA243286A3004308E3 /* bed.cpp in Sources */ = {isa = PBXBuildFile; fileRef = F04A16D8243286A3004308E3 /* bed.cpp */; };
		F04A16DD243286D5004308E3 /* hospital.cpp in Sources */ = {isa = PBXBuildFile; fileRef = F04A16DB243286D5004308E3 /* hospital.cpp */; };
/* End PBXBuildFile section */

/* Begin PBXCopyFilesBuildPhase section */
		F04A16BA24328544004308E3 /* CopyFiles */ = {
			isa = PBXCopyFilesBuildPhase;
			buildActionMask = 2147483647;
			dstPath = /usr/share/man/man1/;
			dstSubfolderSpec = 0;
			files = (
			);
			runOnlyForDeploymentPostprocessing = 1;
		};
/* End PBXCopyFilesBuildPhase section */

/* Begin PBXFileReference section */
		F04A16BC24328544004308E3 /* ass 4 */ = {isa = PBXFileReference; explicitFileType = "compiled.mach-o.executable"; includeInIndex = 0; path = "ass 4"; sourceTree = BUILT_PRODUCTS_DIR; };
		F04A16BF24328544004308E3 /* main.cpp */ = {isa = PBXFileReference; lastKnownFileType = sourcecode.cpp.cpp; path = main.cpp; sourceTree = "<group>"; };
		F04A16C62432856D004308E3 /* time.cpp */ = {isa = PBXFileReference; lastKnownFileType = sourcecode.cpp.cpp; path = time.cpp; sourceTree = "<group>"; };
		F04A16C72432856D004308E3 /* time.h */ = {isa = PBXFileReference; lastKnownFileType = sourcecode.c.h; path = time.h; sourceTree = "<group>"; };
		F04A16C92432859F004308E3 /* date.cpp */ = {isa = PBXFileReference; lastKnownFileType = sourcecode.cpp.cpp; path = date.cpp; sourceTree = "<group>"; };
		F04A16CA2432859F004308E3 /* date.h */ = {isa = PBXFileReference; lastKnownFileType = sourcecode.c.h; path = date.h; sourceTree = "<group>"; };
		F04A16CC243285E2004308E3 /* person.cpp */ = {isa = PBXFileReference; lastKnownFileType = sourcecode.cpp.cpp; path = person.cpp; sourceTree = "<group>"; };
		F04A16CD243285E2004308E3 /* person.h */ = {isa = PBXFileReference; lastKnownFileType = sourcecode.c.h; path = person.h; sourceTree = "<group>"; };
		F04A16CF24328600004308E3 /* inpatient.cpp */ = {isa = PBXFileReference; lastKnownFileType = sourcecode.cpp.cpp; path = inpatient.cpp; sourceTree = "<group>"; };
		F04A16D024328600004308E3 /* inpatient.h */ = {isa = PBXFileReference; lastKnownFileType = sourcecode.c.h; path = inpatient.h; sourceTree = "<group>"; };
		F04A16D224328634004308E3 /* outpatient.cpp */ = {isa = PBXFileReference; lastKnownFileType = sourcecode.cpp.cpp; path = outpatient.cpp; sourceTree = "<group>"; };
		F04A16D324328634004308E3 /* outpatient.h */ = {isa = PBXFileReference; lastKnownFileType = sourcecode.c.h; path = outpatient.h; sourceTree = "<group>"; };
		F04A16D524328675004308E3 /* doctor.cpp */ = {isa = PBXFileReference; lastKnownFileType = sourcecode.cpp.cpp; path = doctor.cpp; sourceTree = "<group>"; };
		F04A16D624328675004308E3 /* doctor.h */ = {isa = PBXFileReference; lastKnownFileType = sourcecode.c.h; path = doctor.h; sourceTree = "<group>"; };
		F04A16D8243286A3004308E3 /* bed.cpp */ = {isa = PBXFileReference; lastKnownFileType = sourcecode.cpp.cpp; path = bed.cpp; sourceTree = "<group>"; };
		F04A16D9243286A3004308E3 /* bed.h */ = {isa = PBXFileReference; lastKnownFileType = sourcecode.c.h; path = bed.h; sourceTree = "<group>"; };
		F04A16DB243286D5004308E3 /* hospital.cpp */ = {isa = PBXFileReference; lastKnownFileType = sourcecode.cpp.cpp; path = hospital.cpp; sourceTree = "<group>"; };
		F04A16DC243286D5004308E3 /* hospital.hpp */ = {isa = PBXFileReference; lastKnownFileType = sourcecode.cpp.h; path = hospital.hpp; sourceTree = "<group>"; };
/* End PBXFileReference section */

/* Begin PBXFrameworksBuildPhase section */
		F04A16B924328544004308E3 /* Frameworks */ = {
			isa = PBXFrameworksBuildPhase;
			buildActionMask = 2147483647;
			files = (
			);
			runOnlyForDeploymentPostprocessing = 0;
		};
/* End PBXFrameworksBuildPhase section */

/* Begin PBXGroup section */
		F04A16B324328544004308E3 = {
			isa = PBXGroup;
			children = (
				F04A16BE24328544004308E3 /* ass 4 */,
				F04A16BD24328544004308E3 /* Products */,
			);
			sourceTree = "<group>";
		};
		F04A16BD24328544004308E3 /* Products */ = {
			isa = PBXGroup;
			children = (
				F04A16BC24328544004308E3 /* ass 4 */,
			);
			name = Products;
			sourceTree = "<group>";
		};
		F04A16BE24328544004308E3 /* ass 4 */ = {
			isa = PBXGroup;
			children = (
				F04A16BF24328544004308E3 /* main.cpp */,
				F04A16DB243286D5004308E3 /* hospital.cpp */,
				F04A16DC243286D5004308E3 /* hospital.hpp */,
				F04A16D8243286A3004308E3 /* bed.cpp */,
				F04A16D9243286A3004308E3 /* bed.h */,
				F04A16D524328675004308E3 /* doctor.cpp */,
				F04A16D624328675004308E3 /* doctor.h */,
				F04A16D224328634004308E3 /* outpatient.cpp */,
				F04A16D324328634004308E3 /* outpatient.h */,
				F04A16CF24328600004308E3 /* inpatient.cpp */,
				F04A16D024328600004308E3 /* inpatient.h */,
				F04A16CC243285E2004308E3 /* person.cpp */,
				F04A16CD243285E2004308E3 /* person.h */,
				F04A16C92432859F004308E3 /* date.cpp */,
				F04A16CA2432859F004308E3 /* date.h */,
				F04A16C62432856D004308E3 /* time.cpp */,
				F04A16C72432856D004308E3 /* time.h */,
			);
			path = "ass 4";
			sourceTree = "<group>";
		};
/* End PBXGroup section */

/* Begin PBXNativeTarget section */
		F04A16BB24328544004308E3 /* ass 4 */ = {
			isa = PBXNativeTarget;
			buildConfigurationList = F04A16C324328544004308E3 /* Build configuration list for PBXNativeTarget "ass 4" */;
			buildPhases = (
				F04A16B824328544004308E3 /* Sources */,
				F04A16B924328544004308E3 /* Frameworks */,
				F04A16BA24328544004308E3 /* CopyFiles */,
			);
			buildRules = (
			);
			dependencies = (
			);
			name = "ass 4";
			productName = "ass 4";
			productReference = F04A16BC24328544004308E3 /* ass 4 */;
			productType = "com.apple.product-type.tool";
		};
/* End PBXNativeTarget section */

/* Begin PBXProject section */
		F04A16B424328544004308E3 /* Project object */ = {
			isa = PBXProject;
			attributes = {
				LastUpgradeCheck = 1020;
				ORGANIZATIONNAME = "Corinne Beaudoin-Pellerin";
				TargetAttributes = {
					F04A16BB24328544004308E3 = {
						CreatedOnToolsVersion = 10.2.1;
					};
				};
			};
			buildConfigurationList = F04A16B724328544004308E3 /* Build configuration list for PBXProject "ass 4" */;
			compatibilityVersion = "Xcode 9.3";
			developmentRegion = en;
			hasScannedForEncodings = 0;
			knownRegions = (
				en,
			);
			mainGroup = F04A16B324328544004308E3;
			productRefGroup = F04A16BD24328544004308E3 /* Products */;
			projectDirPath = "";
			projectRoot = "";
			targets = (
				F04A16BB24328544004308E3 /* ass 4 */,
			);
		};
/* End PBXProject section */

/* Begin PBXSourcesBuildPhase section */
		F04A16B824328544004308E3 /* Sources */ = {
			isa = PBXSourcesBuildPhase;
			buildActionMask = 2147483647;
			files = (
				F04A16C82432856D004308E3 /* time.cpp in Sources */,
				F04A16D124328600004308E3 /* inpatient.cpp in Sources */,
				F04A16D724328675004308E3 /* doctor.cpp in Sources */,
				F04A16DD243286D5004308E3 /* hospital.cpp in Sources */,
				F04A16DA243286A3004308E3 /* bed.cpp in Sources */,
				F04A16C024328544004308E3 /* main.cpp in Sources */,
				F04A16CE243285E2004308E3 /* person.cpp in Sources */,
				F04A16D424328634004308E3 /* outpatient.cpp in Sources */,
				F04A16CB2432859F004308E3 /* date.cpp in Sources */,
			);
			runOnlyForDeploymentPostprocessing = 0;
		};
/* End PBXSourcesBuildPhase section */

/* Begin XCBuildConfiguration section */
		F04A16C124328544004308E3 /* Debug */ = {
			isa = XCBuildConfiguration;
			buildSettings = {
				ALWAYS_SEARCH_USER_PATHS = NO;
				CLANG_ANALYZER_NONNULL = YES;
				CLANG_ANALYZER_NUMBER_OBJECT_CONVERSION = YES_AGGRESSIVE;
				CLANG_CXX_LANGUAGE_STANDARD = "gnu++14";
				CLANG_CXX_LIBRARY = "libc++";
				CLANG_ENABLE_MODULES = YES;
				CLANG_ENABLE_OBJC_ARC = YES;
				CLANG_ENABLE_OBJC_WEAK = YES;
				CLANG_WARN_BLOCK_CAPTURE_AUTORELEASING = YES;
				CLANG_WARN_BOOL_CONVERSION = YES;
				CLANG_WARN_COMMA = YES;
				CLANG_WARN_CONSTANT_CONVERSION = YES;
				CLANG_WARN_DEPRECATED_OBJC_IMPLEMENTATIONS = YES;
				CLANG_WARN_DIRECT_OBJC_ISA_USAGE = YES_ERROR;
				CLANG_WARN_DOCUMENTATION_COMMENTS = YES;
				CLANG_WARN_EMPTY_BODY = YES;
				CLANG_WARN_ENUM_CONVERSION = YES;
				CLANG_WARN_INFINITE_RECURSION = YES;
				CLANG_WARN_INT_CONVERSION = YES;
				CLANG_WARN_NON_LITERAL_NULL_CONVERSION = YES;
				CLANG_WARN_OBJC_IMPLICIT_RETAIN_SELF = YES;
				CLANG_WARN_OBJC_LITERAL_CONVERSION = YES;
				CLANG_WARN_OBJC_ROOT_CLASS = YES_ERROR;
				CLANG_WARN_RANGE_LOOP_ANALYSIS = YES;
				CLANG_WARN_STRICT_PROTOTYPES = YES;
				CLANG_WARN_SUSPICIOUS_MOVE = YES;
				CLANG_WARN_UNGUARDED_AVAILABILITY = YES_AGGRESSIVE;
				CLANG_WARN_UNREACHABLE_CODE = YES;
				CLANG_WARN__DUPLICATE_METHOD_MATCH = YES;
				CODE_SIGN_IDENTITY = "-";
				COPY_PHASE_STRIP = NO;
				DEBUG_INFORMATION_FORMAT = dwarf;
				ENABLE_STRICT_OBJC_MSGSEND = YES;
				ENABLE_TESTABILITY = YES;
				GCC_C_LANGUAGE_STANDARD = gnu11;
				GCC_DYNAMIC_NO_PIC = NO;
				GCC_NO_COMMON_BLOCKS = YES;
				GCC_OPTIMIZATION_LEVEL = 0;
				GCC_PREPROCESSOR_DEFINITIONS = (
					"DEBUG=1",
					"$(inherited)",
				);
				GCC_WARN_64_TO_32_BIT_CONVERSION = YES;
				GCC_WARN_ABOUT_RETURN_TYPE = YES_ERROR;
				GCC_WARN_UNDECLARED_SELECTOR = YES;
				GCC_WARN_UNINITIALIZED_AUTOS = YES_AGGRESSIVE;
				GCC_WARN_UNUSED_FUNCTION = YES;
				GCC_WARN_UNUSED_VARIABLE = YES;
				MACOSX_DEPLOYMENT_TARGET = 10.14;
				MTL_ENABLE_DEBUG_INFO = INCLUDE_SOURCE;
				MTL_FAST_MATH = YES;
				ONLY_ACTIVE_ARCH = YES;
				SDKROOT = macosx;
			};
			name = Debug;
		};
		F04A16C224328544004308E3 /* Release */ = {
			isa = XCBuildConfiguration;
			buildSettings = {
				ALWAYS_SEARCH_USER_PATHS = NO;
				CLANG_ANALYZER_NONNULL = YES;
				CLANG_ANALYZER_NUMBER_OBJECT_CONVERSION = YES_AGGRESSIVE;
				CLANG_CXX_LANGUAGE_STANDARD = "gnu++14";
				CLANG_CXX_LIBRARY = "libc++";
				CLANG_ENABLE_MODULES = YES;
				CLANG_ENABLE_OBJC_ARC = YES;
				CLANG_ENABLE_OBJC_WEAK = YES;
				CLANG_WARN_BLOCK_CAPTURE_AUTORELEASING = YES;
				CLANG_WARN_BOOL_CONVERSION = YES;
				CLANG_WARN_COMMA = YES;
				CLANG_WARN_CONSTANT_CONVERSION = YES;
				CLANG_WARN_DEPRECATED_OBJC_IMPLEMENTATIONS = YES;
				CLANG_WARN_DIRECT_OBJC_ISA_USAGE = YES_ERROR;
				CLANG_WARN_DOCUMENTATION_COMMENTS = YES;
				CLANG_WARN_EMPTY_BODY = YES;
				CLANG_WARN_ENUM_CONVERSION = YES;
				CLANG_WARN_INFINITE_RECURSION = YES;
				CLANG_WARN_INT_CONVERSION = YES;
				CLANG_WARN_NON_LITERAL_NULL_CONVERSION = YES;
				CLANG_WARN_OBJC_IMPLICIT_RETAIN_SELF = YES;
				CLANG_WARN_OBJC_LITERAL_CONVERSION = YES;
				CLANG_WARN_OBJC_ROOT_CLASS = YES_ERROR;
				CLANG_WARN_RANGE_LOOP_ANALYSIS = YES;
				CLANG_WARN_STRICT_PROTOTYPES = YES;
				CLANG_WARN_SUSPICIOUS_MOVE = YES;
				CLANG_WARN_UNGUARDED_AVAILABILITY = YES_AGGRESSIVE;
				CLANG_WARN_UNREACHABLE_CODE = YES;
				CLANG_WARN__DUPLICATE_METHOD_MATCH = YES;
				CODE_SIGN_IDENTITY = "-";
				COPY_PHASE_STRIP = NO;
				DEBUG_INFORMATION_FORMAT = "dwarf-with-dsym";
				ENABLE_NS_ASSERTIONS = NO;
				ENABLE_STRICT_OBJC_MSGSEND = YES;
				GCC_C_LANGUAGE_STANDARD = gnu11;
				GCC_NO_COMMON_BLOCKS = YES;
				GCC_WARN_64_TO_32_BIT_CONVERSION = YES;
				GCC_WARN_ABOUT_RETURN_TYPE = YES_ERROR;
				GCC_WARN_UNDECLARED_SELECTOR = YES;
				GCC_WARN_UNINITIALIZED_AUTOS = YES_AGGRESSIVE;
				GCC_WARN_UNUSED_FUNCTION = YES;
				GCC_WARN_UNUSED_VARIABLE = YES;
				MACOSX_DEPLOYMENT_TARGET = 10.14;
				MTL_ENABLE_DEBUG_INFO = NO;
				MTL_FAST_MATH = YES;
				SDKROOT = macosx;
			};
			name = Release;
		};
		F04A16C424328544004308E3 /* Debug */ = {
			isa = XCBuildConfiguration;
			buildSettings = {
				CODE_SIGN_STYLE = Automatic;
				PRODUCT_NAME = "$(TARGET_NAME)";
			};
			name = Debug;
		};
		F04A16C524328544004308E3 /* Release */ = {
			isa = XCBuildConfiguration;
			buildSettings = {
				CODE_SIGN_STYLE = Automatic;
				PRODUCT_NAME = "$(TARGET_NAME)";
			};
			name = Release;
		};
/* End XCBuildConfiguration section */

/* Begin XCConfigurationList section */
		F04A16B724328544004308E3 /* Build configuration list for PBXProject "ass 4" */ = {
			isa = XCConfigurationList;
			buildConfigurations = (
				F04A16C124328544004308E3 /* Debug */,
				F04A16C224328544004308E3 /* Release */,
			);
			defaultConfigurationIsVisible = 0;
			defaultConfigurationName = Release;
		};
		F04A16C324328544004308E3 /* Build configuration list for PBXNativeTarget "ass 4" */ = {
			isa = XCConfigurationList;
			buildConfigurations = (
				F04A16C424328544004308E3 /* Debug */,
				F04A16C524328544004308E3 /* Release */,
			);
			defaultConfigurationIsVisible = 0;
			defaultConfigurationName = Release;
		};
/* End XCConfigurationList section */
	};
	rootObject = F04A16B424328544004308E3 /* Project object */;
}
